
Microsoft Visual Studio Solution File, Format Version 12.00
# Visual Studio Version 16
VisualStudioVersion = 16.0.32126.315
MinimumVisualStudioVersion = 10.0.40219.1
Project("{FAE04EC0-301F-11D3-BF4B-00C04F79EFBC}") = "WebApplication3_MVC", "WebApplication3_MVC\WebApplication3_MVC.csproj", "{8C2C5B82-416A-4245-B00F-A89B1A91C899}"
EndProject
Global
	GlobalSection(SolutionConfigurationPlatforms) = preSolution
		Debug|Any CPU = Debug|Any CPU
		Release|Any CPU = Release|Any CPU
	EndGlobalSection
	GlobalSection(ProjectConfigurationPlatforms) = postSolution
		{8C2C5B82-416A-4245-B00F-A89B1A91C899}.Debug|Any CPU.ActiveCfg = Debug|Any CPU
		{8C2C5B82-416A-4245-B00F-A89B1A91C899}.Debug|Any CPU.Build.0 = Debug|Any CPU
		{8C2C5B82-416A-4245-B00F-A89B1A91C899}.Release|Any CPU.ActiveCfg = Release|Any CPU
		{8C2C5B82-416A-4245-B00F-A89B1A91C899}.Release|Any CPU.Build.0 = Release|Any CPU
	EndGlobalSection
	GlobalSection(SolutionProperties) = preSolution
		HideSolutionNode = FALSE
	EndGlobalSection
	GlobalSection(ExtensibilityGlobals) = postSolution
		SolutionGuid = {F4E542D2-612D-4C9B-BBEC-5B096DDC8B6C}
	EndGlobalSection
EndGlobal
