
Microsoft Visual Studio Solution File, Format Version 12.00
# Visual Studio Version 16
VisualStudioVersion = 16.0.32126.315
MinimumVisualStudioVersion = 10.0.40219.1
Project("{FAE04EC0-301F-11D3-BF4B-00C04F79EFBC}") = "ConsoleApp6", "ConsoleApp6\ConsoleApp6.csproj", "{FAB22F42-83DC-4EB0-8307-19621B36E8F2}"
EndProject
Global
	GlobalSection(SolutionConfigurationPlatforms) = preSolution
		Debug|Any CPU = Debug|Any CPU
		Release|Any CPU = Release|Any CPU
	EndGlobalSection
	GlobalSection(ProjectConfigurationPlatforms) = postSolution
		{FAB22F42-83DC-4EB0-8307-19621B36E8F2}.Debug|Any CPU.ActiveCfg = Debug|Any CPU
		{FAB22F42-83DC-4EB0-8307-19621B36E8F2}.Debug|Any CPU.Build.0 = Debug|Any CPU
		{FAB22F42-83DC-4EB0-8307-19621B36E8F2}.Release|Any CPU.ActiveCfg = Release|Any CPU
		{FAB22F42-83DC-4EB0-8307-19621B36E8F2}.Release|Any CPU.Build.0 = Release|Any CPU
	EndGlobalSection
	GlobalSection(SolutionProperties) = preSolution
		HideSolutionNode = FALSE
	EndGlobalSection
	GlobalSection(ExtensibilityGlobals) = postSolution
		SolutionGuid = {3DC7542D-A9E9-445B-A0DC-009B5F6C9C4A}
	EndGlobalSection
EndGlobal
